
Microsoft Visual Studio Solution File, Format Version 12.00
# Visual Studio Version 17
VisualStudioVersion = 17.11.35303.130
MinimumVisualStudioVersion = 10.0.40219.1
Project("{FAE04EC0-301F-11D3-BF4B-00C04F79EFBC}") = "cs_pesel", "cs_pesel.csproj", "{2616E3B2-43DF-484E-A6C5-5C07184DE883}"
EndProject
Global
	GlobalSection(SolutionConfigurationPlatforms) = preSolution
		Debug|Any CPU = Debug|Any CPU
		Release|Any CPU = Release|Any CPU
	EndGlobalSection
	GlobalSection(ProjectConfigurationPlatforms) = postSolution
		{2616E3B2-43DF-484E-A6C5-5C07184DE883}.Debug|Any CPU.ActiveCfg = Debug|Any CPU
		{2616E3B2-43DF-484E-A6C5-5C07184DE883}.Debug|Any CPU.Build.0 = Debug|Any CPU
		{2616E3B2-43DF-484E-A6C5-5C07184DE883}.Release|Any CPU.ActiveCfg = Release|Any CPU
		{2616E3B2-43DF-484E-A6C5-5C07184DE883}.Release|Any CPU.Build.0 = Release|Any CPU
	EndGlobalSection
	GlobalSection(SolutionProperties) = preSolution
		HideSolutionNode = FALSE
	EndGlobalSection
	GlobalSection(ExtensibilityGlobals) = postSolution
		SolutionGuid = {EB0FF7AC-D39C-4B13-AD72-EFF09FFF3D93}
	EndGlobalSection
EndGlobal
